# THIS IS AN AUTOGENERATED FILE. DO NOT EDIT THIS FILE DIRECTLY.
# yarn lockfile v1


vee-validate@^3.0.10:
  version "3.0.10"
  resolved "https://registry.yarnpkg.com/vee-validate/-/vee-validate-3.0.10.tgz#0da1b6e917f35e2177dc90864c67b9aa0b8902dc"
  integrity sha512-Rll62hEQm1a0ONaxrQg3rCiAB7SprYLZDpQVsBdCJOJbWjpBZz2fr3EAWJpLv/ib/SR2fIz5PmfOJDdMrxN+tA==
